// !$*UTF8*$!
{
	archiveVersion = 1;
	classes = {
	};
	objectVersion = 46;
	objects = {

/* Begin PBXBuildFile section */
		78975E6317656BC200BEA379 /* UIKit.framework in Frameworks */ = {isa = PBXBuildFile; fileRef = 78975E6217656BC200BEA379 /* UIKit.framework */; };
		78975E6517656BC200BEA379 /* Foundation.framework in Frameworks */ = {isa = PBXBuildFile; fileRef = 78975E6417656BC200BEA379 /* Foundation.framework */; };
		78975E6717656BC200BEA379 /* CoreGraphics.framework in Frameworks */ = {isa = PBXBuildFile; fileRef = 78975E6617656BC200BEA379 /* CoreGraphics.framework */; };
		78975E6D17656BC200BEA379 /* InfoPlist.strings in Resources */ = {isa = PBXBuildFile; fileRef = 78975E6B17656BC200BEA379 /* InfoPlist.strings */; };
		78975E6F17656BC200BEA379 /* main.m in Sources */ = {isa = PBXBuildFile; fileRef = 78975E6E17656BC200BEA379 /* main.m */; };
		78975E7317656BC200BEA379 /* WebJsonAppDelegate.m in Sources */ = {isa = PBXBuildFile; fileRef = 78975E7217656BC200BEA379 /* WebJsonAppDelegate.m */; };
		78975E7517656BC200BEA379 /* Default.png in Resources */ = {isa = PBXBuildFile; fileRef = 78975E7417656BC200BEA379 /* Default.png */; };
		78975E7717656BC200BEA379 /* Default@2x.png in Resources */ = {isa = PBXBuildFile; fileRef = 78975E7617656BC200BEA379 /* Default@2x.png */; };
		78975E7917656BC200BEA379 /* Default-568h@2x.png in Resources */ = {isa = PBXBuildFile; fileRef = 78975E7817656BC200BEA379 /* Default-568h@2x.png */; };
		78C6539B1765879200B15BF8 /* ViewController.m in Sources */ = {isa = PBXBuildFile; fileRef = 78C6539A1765879200B15BF8 /* ViewController.m */; };
/* End PBXBuildFile section */

/* Begin PBXFileReference section */
		78975E5F17656BC200BEA379 /* TryWebJson.app */ = {isa = PBXFileReference; explicitFileType = wrapper.application; includeInIndex = 0; path = TryWebJson.app; sourceTree = BUILT_PRODUCTS_DIR; };
		78975E6217656BC200BEA379 /* UIKit.framework */ = {isa = PBXFileReference; lastKnownFileType = wrapper.framework; name = UIKit.framework; path = System/Library/Frameworks/UIKit.framework; sourceTree = SDKROOT; };
		78975E6417656BC200BEA379 /* Foundation.framework */ = {isa = PBXFileReference; lastKnownFileType = wrapper.framework; name = Foundation.framework; path = System/Library/Frameworks/Foundation.framework; sourceTree = SDKROOT; };
		78975E6617656BC200BEA379 /* CoreGraphics.framework */ = {isa = PBXFileReference; lastKnownFileType = wrapper.framework; name = CoreGraphics.framework; path = System/Library/Frameworks/CoreGraphics.framework; sourceTree = SDKROOT; };
		78975E6A17656BC200BEA379 /* TryWebJson-Info.plist */ = {isa = PBXFileReference; lastKnownFileType = text.plist.xml; path = "TryWebJson-Info.plist"; sourceTree = "<group>"; };
		78975E6C17656BC200BEA379 /* en */ = {isa = PBXFileReference; lastKnownFileType = text.plist.strings; name = en; path = en.lproj/InfoPlist.strings; sourceTree = "<group>"; };
		78975E6E17656BC200BEA379 /* main.m */ = {isa = PBXFileReference; lastKnownFileType = sourcecode.c.objc; path = main.m; sourceTree = "<group>"; };
		78975E7017656BC200BEA379 /* TryWebJson-Prefix.pch */ = {isa = PBXFileReference; lastKnownFileType = sourcecode.c.h; path = "TryWebJson-Prefix.pch"; sourceTree = "<group>"; };
		78975E7117656BC200BEA379 /* WebJsonAppDelegate.h */ = {isa = PBXFileReference; lastKnownFileType = sourcecode.c.h; path = WebJsonAppDelegate.h; sourceTree = "<group>"; };
		78975E7217656BC200BEA379 /* WebJsonAppDelegate.m */ = {isa = PBXFileReference; lastKnownFileType = sourcecode.c.objc; path = WebJsonAppDelegate.m; sourceTree = "<group>"; };
		78975E7417656BC200BEA379 /* Default.png */ = {isa = PBXFileReference; lastKnownFileType = image.png; path = Default.png; sourceTree = "<group>"; };
		78975E7617656BC200BEA379 /* Default@2x.png */ = {isa = PBXFileReference; lastKnownFileType = image.png; path = "Default@2x.png"; sourceTree = "<group>"; };
		78975E7817656BC200BEA379 /* Default-568h@2x.png */ = {isa = PBXFileReference; lastKnownFileType = image.png; path = "Default-568h@2x.png"; sourceTree = "<group>"; };
		78C653991765879200B15BF8 /* ViewController.h */ = {isa = PBXFileReference; fileEncoding = 4; lastKnownFileType = sourcecode.c.h; path = ViewController.h; sourceTree = "<group>"; };
		78C6539A1765879200B15BF8 /* ViewController.m */ = {isa = PBXFileReference; fileEncoding = 4; lastKnownFileType = sourcecode.c.objc; path = ViewController.m; sourceTree = "<group>"; };
/* End PBXFileReference section */

/* Begin PBXFrameworksBuildPhase section */
		78975E5C17656BC200BEA379 /* Frameworks */ = {
			isa = PBXFrameworksBuildPhase;
			buildActionMask = 2147483647;
			files = (
				78975E6317656BC200BEA379 /* UIKit.framework in Frameworks */,
				78975E6517656BC200BEA379 /* Foundation.framework in Frameworks */,
				78975E6717656BC200BEA379 /* CoreGraphics.framework in Frameworks */,
			);
			runOnlyForDeploymentPostprocessing = 0;
		};
/* End PBXFrameworksBuildPhase section */

/* Begin PBXGroup section */
		78975E5617656BC200BEA379 = {
			isa = PBXGroup;
			children = (
				78975E6817656BC200BEA379 /* TryWebJson */,
				78975E6117656BC200BEA379 /* Frameworks */,
				78975E6017656BC200BEA379 /* Products */,
			);
			sourceTree = "<group>";
		};
		78975E6017656BC200BEA379 /* Products */ = {
			isa = PBXGroup;
			children = (
				78975E5F17656BC200BEA379 /* TryWebJson.app */,
			);
			name = Products;
			sourceTree = "<group>";
		};
		78975E6117656BC200BEA379 /* Frameworks */ = {
			isa = PBXGroup;
			children = (
				78975E6217656BC200BEA379 /* UIKit.framework */,
				78975E6417656BC200BEA379 /* Foundation.framework */,
				78975E6617656BC200BEA379 /* CoreGraphics.framework */,
			);
			name = Frameworks;
			sourceTree = "<group>";
		};
		78975E6817656BC200BEA379 /* TryWebJson */ = {
			isa = PBXGroup;
			children = (
				78C653991765879200B15BF8 /* ViewController.h */,
				78C6539A1765879200B15BF8 /* ViewController.m */,
				78975E7117656BC200BEA379 /* WebJsonAppDelegate.h */,
				78975E7217656BC200BEA379 /* WebJsonAppDelegate.m */,
				78975E6917656BC200BEA379 /* Supporting Files */,
			);
			path = TryWebJson;
			sourceTree = "<group>";
		};
		78975E6917656BC200BEA379 /* Supporting Files */ = {
			isa = PBXGroup;
			children = (
				78975E6A17656BC200BEA379 /* TryWebJson-Info.plist */,
				78975E6B17656BC200BEA379 /* InfoPlist.strings */,
				78975E6E17656BC200BEA379 /* main.m */,
				78975E7017656BC200BEA379 /* TryWebJson-Prefix.pch */,
				78975E7417656BC200BEA379 /* Default.png */,
				78975E7617656BC200BEA379 /* Default@2x.png */,
				78975E7817656BC200BEA379 /* Default-568h@2x.png */,
			);
			name = "Supporting Files";
			sourceTree = "<group>";
		};
/* End PBXGroup section */

/* Begin PBXNativeTarget section */
		78975E5E17656BC200BEA379 /* TryWebJson */ = {
			isa = PBXNativeTarget;
			buildConfigurationList = 78975E7C17656BC200BEA379 /* Build configuration list for PBXNativeTarget "TryWebJson" */;
			buildPhases = (
				78975E5B17656BC200BEA379 /* Sources */,
				78975E5C17656BC200BEA379 /* Frameworks */,
				78975E5D17656BC200BEA379 /* Resources */,
			);
			buildRules = (
			);
			dependencies = (
			);
			name = TryWebJson;
			productName = TryWebJson;
			productReference = 78975E5F17656BC200BEA379 /* TryWebJson.app */;
			productType = "com.apple.product-type.application";
		};
/* End PBXNativeTarget section */

/* Begin PBXProject section */
		78975E5717656BC200BEA379 /* Project object */ = {
			isa = PBXProject;
			attributes = {
				CLASSPREFIX = WebJson;
				LastUpgradeCheck = 0460;
				ORGANIZATIONNAME = "Mike Smith";
			};
			buildConfigurationList = 78975E5A17656BC200BEA379 /* Build configuration list for PBXProject "TryWebJson" */;
			compatibilityVersion = "Xcode 3.2";
			developmentRegion = English;
			hasScannedForEncodings = 0;
			knownRegions = (
				en,
			);
			mainGroup = 78975E5617656BC200BEA379;
			productRefGroup = 78975E6017656BC200BEA379 /* Products */;
			projectDirPath = "";
			projectRoot = "";
			targets = (
				78975E5E17656BC200BEA379 /* TryWebJson */,
			);
		};
/* End PBXProject section */

/* Begin PBXResourcesBuildPhase section */
		78975E5D17656BC200BEA379 /* Resources */ = {
			isa = PBXResourcesBuildPhase;
			buildActionMask = 2147483647;
			files = (
				78975E6D17656BC200BEA379 /* InfoPlist.strings in Resources */,
				78975E7517656BC200BEA379 /* Default.png in Resources */,
				78975E7717656BC200BEA379 /* Default@2x.png in Resources */,
				78975E7917656BC200BEA379 /* Default-568h@2x.png in Resources */,
			);
			runOnlyForDeploymentPostprocessing = 0;
		};
/* End PBXResourcesBuildPhase section */

/* Begin PBXSourcesBuildPhase section */
		78975E5B17656BC200BEA379 /* Sources */ = {
			isa = PBXSourcesBuildPhase;
			buildActionMask = 2147483647;
			files = (
				78975E6F17656BC200BEA379 /* main.m in Sources */,
				78975E7317656BC200BEA379 /* WebJsonAppDelegate.m in Sources */,
				78C6539B1765879200B15BF8 /* ViewController.m in Sources */,
			);
			runOnlyForDeploymentPostprocessing = 0;
		};
/* End PBXSourcesBuildPhase section */

/* Begin PBXVariantGroup section */
		78975E6B17656BC200BEA379 /* InfoPlist.strings */ = {
			isa = PBXVariantGroup;
			children = (
				78975E6C17656BC200BEA379 /* en */,
			);
			name = InfoPlist.strings;
			sourceTree = "<group>";
		};
/* End PBXVariantGroup section */

/* Begin XCBuildConfiguration section */
		78975E7A17656BC200BEA379 /* Debug */ = {
			isa = XCBuildConfiguration;
			buildSettings = {
				ALWAYS_SEARCH_USER_PATHS = NO;
				CLANG_CXX_LANGUAGE_STANDARD = "gnu++0x";
				CLANG_CXX_LIBRARY = "libc++";
				CLANG_ENABLE_OBJC_ARC = YES;
				CLANG_WARN_CONSTANT_CONVERSION = YES;
				CLANG_WARN_EMPTY_BODY = YES;
				CLANG_WARN_ENUM_CONVERSION = YES;
				CLANG_WARN_INT_CONVERSION = YES;
				CLANG_WARN__DUPLICATE_METHOD_MATCH = YES;
				"CODE_SIGN_IDENTITY[sdk=iphoneos*]" = "iPhone Developer";
				COPY_PHASE_STRIP = NO;
				GCC_C_LANGUAGE_STANDARD = gnu99;
				GCC_DYNAMIC_NO_PIC = NO;
				GCC_OPTIMIZATION_LEVEL = 0;
				GCC_PREPROCESSOR_DEFINITIONS = (
					"DEBUG=1",
					"$(inherited)",
				);
				GCC_SYMBOLS_PRIVATE_EXTERN = NO;
				GCC_WARN_ABOUT_RETURN_TYPE = YES;
				GCC_WARN_UNINITIALIZED_AUTOS = YES;
				GCC_WARN_UNUSED_VARIABLE = YES;
				IPHONEOS_DEPLOYMENT_TARGET = 6.1;
				ONLY_ACTIVE_ARCH = YES;
				SDKROOT = iphoneos;
			};
			name = Debug;
		};
		78975E7B17656BC200BEA379 /* Release */ = {
			isa = XCBuildConfiguration;
			buildSettings = {
				ALWAYS_SEARCH_USER_PATHS = NO;
				CLANG_CXX_LANGUAGE_STANDARD = "gnu++0x";
				CLANG_CXX_LIBRARY = "libc++";
				CLANG_ENABLE_OBJC_ARC = YES;
				CLANG_WARN_CONSTANT_CONVERSION = YES;
				CLANG_WARN_EMPTY_BODY = YES;
				CLANG_WARN_ENUM_CONVERSION = YES;
				CLANG_WARN_INT_CONVERSION = YES;
				CLANG_WARN__DUPLICATE_METHOD_MATCH = YES;
				"CODE_SIGN_IDENTITY[sdk=iphoneos*]" = "iPhone Developer";
				COPY_PHASE_STRIP = YES;
				GCC_C_LANGUAGE_STANDARD = gnu99;
				GCC_WARN_ABOUT_RETURN_TYPE = YES;
				GCC_WARN_UNINITIALIZED_AUTOS = YES;
				GCC_WARN_UNUSED_VARIABLE = YES;
				IPHONEOS_DEPLOYMENT_TARGET = 6.1;
				OTHER_CFLAGS = "-DNS_BLOCK_ASSERTIONS=1";
				SDKROOT = iphoneos;
				VALIDATE_PRODUCT = YES;
			};
			name = Release;
		};
		78975E7D17656BC200BEA379 /* Debug */ = {
			isa = XCBuildConfiguration;
			buildSettings = {
				GCC_PRECOMPILE_PREFIX_HEADER = YES;
				GCC_PREFIX_HEADER = "TryWebJson/TryWebJson-Prefix.pch";
				INFOPLIST_FILE = "TryWebJson/TryWebJson-Info.plist";
				PRODUCT_NAME = "$(TARGET_NAME)";
				WRAPPER_EXTENSION = app;
			};
			name = Debug;
		};
		78975E7E17656BC200BEA379 /* Release */ = {
			isa = XCBuildConfiguration;
			buildSettings = {
				GCC_PRECOMPILE_PREFIX_HEADER = YES;
				GCC_PREFIX_HEADER = "TryWebJson/TryWebJson-Prefix.pch";
				INFOPLIST_FILE = "TryWebJson/TryWebJson-Info.plist";
				PRODUCT_NAME = "$(TARGET_NAME)";
				WRAPPER_EXTENSION = app;
			};
			name = Release;
		};
/* End XCBuildConfiguration section */

/* Begin XCConfigurationList section */
		78975E5A17656BC200BEA379 /* Build configuration list for PBXProject "TryWebJson" */ = {
			isa = XCConfigurationList;
			buildConfigurations = (
				78975E7A17656BC200BEA379 /* Debug */,
				78975E7B17656BC200BEA379 /* Release */,
			);
			defaultConfigurationIsVisible = 0;
			defaultConfigurationName = Release;
		};
		78975E7C17656BC200BEA379 /* Build configuration list for PBXNativeTarget "TryWebJson" */ = {
			isa = XCConfigurationList;
			buildConfigurations = (
				78975E7D17656BC200BEA379 /* Debug */,
				78975E7E17656BC200BEA379 /* Release */,
			);
			defaultConfigurationIsVisible = 0;
			defaultConfigurationName = Release;
		};
/* End XCConfigurationList section */
	};
	rootObject = 78975E5717656BC200BEA379 /* Project object */;
}
